{
  "name": "hsd",
  "version": "2.1.5",
  "lockfileVersion": 1,
  "requires": true,
  "dependencies": {
    "bcfg": {
      "version": "0.1.6",
      "resolved": "https://registry.npmjs.org/bcfg/-/bcfg-0.1.6.tgz",
      "integrity": "sha512-BR2vwQZwu24aRm588XHOnPVjjQtbK8sF0RopRFgMuke63/REJMWnePTa2YHKDBefuBYiVdgkowuB1/e4K7Ue3g==",
      "requires": {
        "bsert": "~0.0.10"
      }
    },
    "bcrypto": {
      "version": "5.2.0",
      "resolved": "https://registry.npmjs.org/bcrypto/-/bcrypto-5.2.0.tgz",
      "integrity": "sha512-yy+kDrUG6aXP7NIYq7kKIwlrXtx/51488IGfuqhyM6FYF8zNI1mPRwvAPvQ1RfE5e7WW7fVdZt4yHlmN4HJ4Hg==",
      "requires": {
        "bufio": "~1.0.7",
        "loady": "~0.0.1"
      }
    },
    "bcurl": {
      "version": "0.1.6",
      "resolved": "https://registry.npmjs.org/bcurl/-/bcurl-0.1.6.tgz",
      "integrity": "sha512-noeDhfqFiUcNOUuZKErkXcbZfxBjn6duTfYPEfA4hAYXGr7gwVxkAWvIerxl3ZLLyn8jzh7Oi0nHlrLm1ST9Fw==",
      "requires": {
        "brq": "~0.1.7",
        "bsert": "~0.0.10",
        "bsock": "~0.1.8"
      }
    },
    "bdb": {
      "version": "1.2.2",
      "resolved": "https://registry.npmjs.org/bdb/-/bdb-1.2.2.tgz",
      "integrity": "sha512-OvOslrI0Mh1aRauiN/x4FOB415ussuDGorX4/y2m8jA/+CleCLeABvoIUrKADnIdRdVZALOqVMNznlK7W5aL+Q==",
      "requires": {
        "bsert": "~0.0.10",
        "loady": "~0.0.1"
      }
    },
    "bdns": {
      "version": "0.1.5",
      "resolved": "https://registry.npmjs.org/bdns/-/bdns-0.1.5.tgz",
      "integrity": "sha512-LNVkfM7ynlAD0CvPvO9cKxW8YXt1KOCRQZlRsGZWeMyymUWVdHQpZudAzH9chaFAz6HiwAnQxwDemCKDPy6Mag==",
      "requires": {
        "bsert": "~0.0.10"
      }
    },
    "bevent": {
      "version": "0.1.5",
      "resolved": "https://registry.npmjs.org/bevent/-/bevent-0.1.5.tgz",
      "integrity": "sha512-hs6T3BjndibrAmPSoKTHmKa3tz/c6Qgjv9iZw+tAoxuP6izfTCkzfltBQrW7SuK5xnY22gv9jCEf51+mRH+Qvg==",
      "requires": {
        "bsert": "~0.0.10"
      }
    },
    "bfile": {
      "version": "0.2.2",
      "resolved": "https://registry.npmjs.org/bfile/-/bfile-0.2.2.tgz",
      "integrity": "sha512-X205SsJ7zFAnjeJ/pBLqDqF10x/4Su3pBy8UdVKw4hdGJk7t5pLoRi+uG4rPaDAClGbrEfT/06PGUbYiMYKzTg=="
    },
    "bfilter": {
      "version": "1.0.5",
      "resolved": "https://registry.npmjs.org/bfilter/-/bfilter-1.0.5.tgz",
      "integrity": "sha512-GupIidtCvLbKhXnA1sxvrwa+gh95qbjafy7P1U1x/2DHxNabXq4nGW0x3rmgzlJMYlVl+c8fMxoMRIwpKYlgcQ==",
      "requires": {
        "bsert": "~0.0.10",
        "bufio": "~1.0.6",
        "mrmr": "~0.1.6"
      }
    },
    "bheep": {
      "version": "0.1.5",
      "resolved": "https://registry.npmjs.org/bheep/-/bheep-0.1.5.tgz",
      "integrity": "sha512-0KR5Zi8hgJBKL35+aYzndCTtgSGakOMxrYw2uszd5UmXTIfx3+drPGoETlVbQ6arTdAzSoQYA1j35vbaWpQXBg==",
      "requires": {
        "bsert": "~0.0.10"
      }
    },
    "binet": {
      "version": "0.3.6",
      "resolved": "https://registry.npmjs.org/binet/-/binet-0.3.6.tgz",
      "integrity": "sha512-6pm+Gc3uNiiJZEv0k8JDWqQlo9ki/o9UNAkLmr0EGm7hI5MboOJVIOlO1nw3YuDkLHWN78OPsaC4JhRkn2jMLw==",
      "requires": {
        "bs32": "~0.1.5",
        "bsert": "~0.0.10"
      }
    },
    "blgr": {
      "version": "0.1.8",
      "resolved": "https://registry.npmjs.org/blgr/-/blgr-0.1.8.tgz",
      "integrity": "sha512-9AvDK+lc92q//63S8cHtkaB060YOZqoqd0DkMwn35mR1SrcY0FXnCHePHZFx6Oe1d/6wj8Lw7mKEGoShCUf3Yw==",
      "requires": {
        "bsert": "~0.0.10"
      }
    },
    "blru": {
      "version": "0.1.6",
      "resolved": "https://registry.npmjs.org/blru/-/blru-0.1.6.tgz",
      "integrity": "sha512-34+xZ2u4ys/aUzWCU9m6Eee4nVuN1ywdxbi8b3Z2WULU6qvnfeHvCWEdGzlVfRbbhimG2xxJX6R77GD2cuVO6w==",
      "requires": {
        "bsert": "~0.0.10"
      }
    },
    "blst": {
      "version": "0.1.5",
      "resolved": "https://registry.npmjs.org/blst/-/blst-0.1.5.tgz",
      "integrity": "sha512-TPl04Cx3CHdPFAJ2x9Xx1Z1FOfpAzmNPfHkfo+pGAaNH4uLhS58ExvamVkZh3jadF+B7V5sMtqvrqdf9mHINYA==",
      "requires": {
        "bsert": "~0.0.10"
      }
    },
    "bmocha": {
      "version": "2.1.4",
      "resolved": "https://registry.npmjs.org/bmocha/-/bmocha-2.1.4.tgz",
      "integrity": "sha512-aYDWPqYAi+rlZkIZsp4jsaaNB5E/KEa+Eq/vC+664fpRzWTeRgPi7zEHSSe7NdO/HBissuFrs6KH2JDCb3DUTg==",
      "dev": true
    },
    "bmutex": {
      "version": "0.1.6",
      "resolved": "https://registry.npmjs.org/bmutex/-/bmutex-0.1.6.tgz",
      "integrity": "sha512-nXWOXtQHbfPaMl6jyEF/rmRMrcemj2qn+OCAI/uZYurjfx7Dg3baoXdPzHOL0U8Cfvn8CWxKcnM/rgxL7DR4zw==",
      "requires": {
        "bsert": "~0.0.10"
      }
    },
    "bns": {
      "version": "0.12.0",
      "resolved": "https://registry.npmjs.org/bns/-/bns-0.12.0.tgz",
      "integrity": "sha512-LwjolposPg8bikl3LW0ZjpvG958Kk4UKsLTYMMTwElwbNAH2Og5ErXRXwysISjZ2I+d6nsZveQwv41aXVyszvw==",
      "requires": {
        "bcrypto": "~5.2.0",
        "bfile": "~0.2.2",
        "bheep": "~0.1.5",
        "binet": "~0.3.5",
        "bs32": "~0.1.6",
        "bsert": "~0.0.10",
        "btcp": "~0.1.5",
        "budp": "~0.1.6",
        "bufio": "~1.0.7",
        "unbound": "~0.4.2"
      }
    },
    "brq": {
      "version": "0.1.8",
      "resolved": "https://registry.npmjs.org/brq/-/brq-0.1.8.tgz",
      "integrity": "sha512-6SDY1lJMKXgt5TZ6voJQMH2zV1XPWWtm203PSkx3DSg9AYNYuRfOPFSBDkNemabzgpzFW9/neR4YhTvyJml8rQ==",
      "requires": {
        "bsert": "~0.0.10"
      }
    },
    "bs32": {
      "version": "0.1.6",
      "resolved": "https://registry.npmjs.org/bs32/-/bs32-0.1.6.tgz",
      "integrity": "sha512-usjDesQqZ8ihHXOnOEQuAdymBHnJEfSd+aELFSg1jN/V3iAf12HrylHlRJwIt6DTMmXpBDQ+YBg3Q3DIYdhRgQ==",
      "requires": {
        "bsert": "~0.0.10"
      }
    },
    "bsert": {
      "version": "0.0.10",
      "resolved": "https://registry.npmjs.org/bsert/-/bsert-0.0.10.tgz",
      "integrity": "sha512-NHNwlac+WPy4t2LoNh8pXk8uaIGH3NSaIUbTTRXGpE2WEbq0te/tDykYHkFK57YKLPjv/aGHmbqvnGeVWDz57Q=="
    },
    "bslint": {
      "version": "5.15.3",
      "resolved": "https://registry.npmjs.org/bslint/-/bslint-5.15.3.tgz",
      "integrity": "sha512-isL4eFD0hXqmqFEVxVVp2X2cfPnPQikSO/l4/nc7jWdA144qKHYX+brxCvlz+vXuUPjQMVmWppqcHmZ4Yfsiig==",
      "dev": true,
      "requires": {
        "@babel/code-frame": "*",
        "@babel/generator": "*",
        "@babel/helper-function-name": "*",
        "@babel/helper-get-function-arity": "*",
        "@babel/helper-split-export-declaration": "*",
        "@babel/highlight": "*",
        "@babel/parser": "*",
        "@babel/template": "*",
        "@babel/traverse": "*",
        "@babel/types": "*",
        "acorn": "*",
        "acorn-jsx": "*",
        "ajv": "*",
        "ansi-escapes": "*",
        "ansi-regex": "*",
        "ansi-styles": "*",
        "argparse": "*",
        "astral-regex": "*",
        "babel-eslint": "*",
        "balanced-match": "*",
        "brace-expansion": "*",
        "callsites": "*",
        "chalk": "*",
        "chardet": "*",
        "cli-cursor": "*",
        "cli-width": "*",
        "color-convert": "*",
        "color-name": "*",
        "concat-map": "*",
        "cross-spawn": "*",
        "debug": "*",
        "deep-is": "*",
        "doctrine": "*",
        "emoji-regex": "*",
        "escape-string-regexp": "*",
        "eslint": "*",
        "eslint-scope": "*",
        "eslint-utils": "*",
        "eslint-visitor-keys": "*",
        "espree": "*",
        "esprima": "*",
        "esquery": "*",
        "esrecurse": "*",
        "estraverse": "*",
        "esutils": "*",
        "external-editor": "*",
        "fast-deep-equal": "*",
        "fast-json-stable-stringify": "*",
        "fast-levenshtein": "*",
        "figures": "*",
        "file-entry-cache": "*",
        "flat-cache": "*",
        "flatted": "*",
        "fs.realpath": "*",
        "functional-red-black-tree": "*",
        "glob": "*",
        "globals": "*",
        "has-flag": "*",
        "iconv-lite": "*",
        "ignore": "*",
        "import-fresh": "*",
        "imurmurhash": "*",
        "inflight": "*",
        "inherits": "*",
        "inquirer": "*",
        "is-fullwidth-code-point": "*",
        "is-promise": "*",
        "isexe": "*",
        "js-tokens": "*",
        "js-yaml": "*",
        "jsesc": "*",
        "json-schema-traverse": "*",
        "json-stable-stringify-without-jsonify": "*",
        "levn": "*",
        "lodash": "*",
        "mimic-fn": "*",
        "minimatch": "*",
        "minimist": "*",
        "mkdirp": "*",
        "ms": "*",
        "mute-stream": "*",
        "natural-compare": "*",
        "nice-try": "*",
        "once": "*",
        "onetime": "*",
        "optionator": "*",
        "os-tmpdir": "*",
        "parent-module": "*",
        "path-is-absolute": "*",
        "path-is-inside": "*",
        "path-key": "*",
        "prelude-ls": "*",
        "progress": "*",
        "punycode": "*",
        "regexpp": "*",
        "resolve-from": "*",
        "restore-cursor": "*",
        "rimraf": "*",
        "run-async": "*",
        "rxjs": "*",
        "safer-buffer": "*",
        "semver": "*",
        "shebang-command": "*",
        "shebang-regex": "*",
        "signal-exit": "*",
        "slice-ansi": "*",
        "source-map": "*",
        "sprintf-js": "*",
        "string-width": "*",
        "strip-ansi": "*",
        "strip-json-comments": "*",
        "supports-color": "*",
        "table": "*",
        "text-table": "*",
        "through": "*",
        "tmp": "*",
        "to-fast-properties": "*",
        "trim-right": "*",
        "tslib": "*",
        "type-check": "*",
        "uri-js": "*",
        "which": "*",
        "wordwrap": "*",
        "wrappy": "*",
        "write": "*"
      },
      "dependencies": {
        "@babel/code-frame": {
          "version": "7.0.0",
          "bundled": true,
          "dev": true
        },
        "@babel/generator": {
          "version": "7.4.0",
          "bundled": true,
          "dev": true
        },
        "@babel/helper-function-name": {
          "version": "7.1.0",
          "bundled": true,
          "dev": true
        },
        "@babel/helper-get-function-arity": {
          "version": "7.0.0",
          "bundled": true,
          "dev": true
        },
        "@babel/helper-split-export-declaration": {
          "version": "7.4.0",
          "bundled": true,
          "dev": true
        },
        "@babel/highlight": {
          "version": "7.0.0",
          "bundled": true,
          "dev": true
        },
        "@babel/parser": {
          "version": "7.4.2",
          "bundled": true,
          "dev": true
        },
        "@babel/template": {
          "version": "7.4.0",
          "bundled": true,
          "dev": true
        },
        "@babel/traverse": {
          "version": "7.4.0",
          "bundled": true,
          "dev": true
        },
        "@babel/types": {
          "version": "7.4.0",
          "bundled": true,
          "dev": true
        },
        "acorn": {
          "version": "6.1.1",
          "bundled": true,
          "dev": true
        },
        "acorn-jsx": {
          "version": "5.0.1",
          "bundled": true,
          "dev": true
        },
        "ajv": {
          "version": "6.10.0",
          "bundled": true,
          "dev": true
        },
        "ansi-escapes": {
          "version": "3.2.0",
          "bundled": true,
          "dev": true
        },
        "ansi-regex": {
          "version": "3.0.0",
          "bundled": true,
          "dev": true
        },
        "ansi-styles": {
          "version": "3.2.1",
          "bundled": true,
          "dev": true
        },
        "argparse": {
          "version": "1.0.10",
          "bundled": true,
          "dev": true
        },
        "astral-regex": {
          "version": "1.0.0",
          "bundled": true,
          "dev": true
        },
        "babel-eslint": {
          "version": "10.0.1",
          "bundled": true,
          "dev": true
        },
        "balanced-match": {
          "version": "1.0.0",
          "bundled": true,
          "dev": true
        },
        "brace-expansion": {
          "version": "1.1.11",
          "bundled": true,
          "dev": true
        },
        "callsites": {
          "version": "3.0.0",
          "bundled": true,
          "dev": true
        },
        "chalk": {
          "version": "2.4.2",
          "bundled": true,
          "dev": true
        },
        "chardet": {
          "version": "0.7.0",
          "bundled": true,
          "dev": true
        },
        "cli-cursor": {
          "version": "2.1.0",
          "bundled": true,
          "dev": true
        },
        "cli-width": {
          "version": "2.2.0",
          "bundled": true,
          "dev": true
        },
        "color-convert": {
          "version": "1.9.3",
          "bundled": true,
          "dev": true
        },
        "color-name": {
          "version": "1.1.3",
          "bundled": true,
          "dev": true
        },
        "concat-map": {
          "version": "0.0.1",
          "bundled": true,
          "dev": true
        },
        "cross-spawn": {
          "version": "6.0.5",
          "bundled": true,
          "dev": true
        },
        "debug": {
          "version": "4.1.1",
          "bundled": true,
          "dev": true
        },
        "deep-is": {
          "version": "0.1.3",
          "bundled": true,
          "dev": true
        },
        "doctrine": {
          "version": "3.0.0",
          "bundled": true,
          "dev": true
        },
        "emoji-regex": {
          "version": "7.0.3",
          "bundled": true,
          "dev": true
        },
        "escape-string-regexp": {
          "version": "1.0.5",
          "bundled": true,
          "dev": true
        },
        "eslint": {
          "version": "5.15.3",
          "bundled": true,
          "dev": true,
          "requires": {
            "eslint-scope": "*"
          },
          "dependencies": {
            "eslint-scope": {
              "version": "4.0.3",
              "bundled": true,
              "dev": true
            }
          }
        },
        "eslint-scope": {
          "version": "3.7.1",
          "bundled": true,
          "dev": true
        },
        "eslint-utils": {
          "version": "1.3.1",
          "bundled": true,
          "dev": true
        },
        "eslint-visitor-keys": {
          "version": "1.0.0",
          "bundled": true,
          "dev": true
        },
        "espree": {
          "version": "5.0.1",
          "bundled": true,
          "dev": true
        },
        "esprima": {
          "version": "4.0.1",
          "bundled": true,
          "dev": true
        },
        "esquery": {
          "version": "1.0.1",
          "bundled": true,
          "dev": true
        },
        "esrecurse": {
          "version": "4.2.1",
          "bundled": true,
          "dev": true
        },
        "estraverse": {
          "version": "4.2.0",
          "bundled": true,
          "dev": true
        },
        "esutils": {
          "version": "2.0.2",
          "bundled": true,
          "dev": true
        },
        "external-editor": {
          "version": "3.0.3",
          "bundled": true,
          "dev": true
        },
        "fast-deep-equal": {
          "version": "2.0.1",
          "bundled": true,
          "dev": true
        },
        "fast-json-stable-stringify": {
          "version": "2.0.0",
          "bundled": true,
          "dev": true
        },
        "fast-levenshtein": {
          "version": "2.0.6",
          "bundled": true,
          "dev": true
        },
        "figures": {
          "version": "2.0.0",
          "bundled": true,
          "dev": true
        },
        "file-entry-cache": {
          "version": "5.0.1",
          "bundled": true,
          "dev": true
        },
        "flat-cache": {
          "version": "2.0.1",
          "bundled": true,
          "dev": true
        },
        "flatted": {
          "version": "2.0.0",
          "bundled": true,
          "dev": true
        },
        "fs.realpath": {
          "version": "1.0.0",
          "bundled": true,
          "dev": true
        },
        "functional-red-black-tree": {
          "version": "1.0.1",
          "bundled": true,
          "dev": true
        },
        "glob": {
          "version": "7.1.3",
          "bundled": true,
          "dev": true
        },
        "globals": {
          "version": "11.11.0",
          "bundled": true,
          "dev": true
        },
        "has-flag": {
          "version": "3.0.0",
          "bundled": true,
          "dev": true
        },
        "iconv-lite": {
          "version": "0.4.24",
          "bundled": true,
          "dev": true
        },
        "ignore": {
          "version": "4.0.6",
          "bundled": true,
          "dev": true
        },
        "import-fresh": {
          "version": "3.0.0",
          "bundled": true,
          "dev": true
        },
        "imurmurhash": {
          "version": "0.1.4",
          "bundled": true,
          "dev": true
        },
        "inflight": {
          "version": "1.0.6",
          "bundled": true,
          "dev": true
        },
        "inherits": {
          "version": "2.0.3",
          "bundled": true,
          "dev": true
        },
        "inquirer": {
          "version": "6.2.2",
          "bundled": true,
          "dev": true,
          "requires": {
            "ansi-regex": "*",
            "strip-ansi": "*"
          },
          "dependencies": {
            "ansi-regex": {
              "version": "4.1.0",
              "bundled": true,
              "dev": true
            },
            "strip-ansi": {
              "version": "5.2.0",
              "bundled": true,
              "dev": true
            }
          }
        },
        "is-fullwidth-code-point": {
          "version": "2.0.0",
          "bundled": true,
          "dev": true
        },
        "is-promise": {
          "version": "2.1.0",
          "bundled": true,
          "dev": true
        },
        "isexe": {
          "version": "2.0.0",
          "bundled": true,
          "dev": true
        },
        "js-tokens": {
          "version": "4.0.0",
          "bundled": true,
          "dev": true
        },
        "js-yaml": {
          "version": "3.13.0",
          "bundled": true,
          "dev": true
        },
        "jsesc": {
          "version": "2.5.2",
          "bundled": true,
          "dev": true
        },
        "json-schema-traverse": {
          "version": "0.4.1",
          "bundled": true,
          "dev": true
        },
        "json-stable-stringify-without-jsonify": {
          "version": "1.0.1",
          "bundled": true,
          "dev": true
        },
        "levn": {
          "version": "0.3.0",
          "bundled": true,
          "dev": true
        },
        "lodash": {
          "version": "4.17.11",
          "bundled": true,
          "dev": true
        },
        "mimic-fn": {
          "version": "1.2.0",
          "bundled": true,
          "dev": true
        },
        "minimatch": {
          "version": "3.0.4",
          "bundled": true,
          "dev": true
        },
        "minimist": {
          "version": "0.0.8",
          "bundled": true,
          "dev": true
        },
        "mkdirp": {
          "version": "0.5.1",
          "bundled": true,
          "dev": true
        },
        "ms": {
          "version": "2.1.1",
          "bundled": true,
          "dev": true
        },
        "mute-stream": {
          "version": "0.0.7",
          "bundled": true,
          "dev": true
        },
        "natural-compare": {
          "version": "1.4.0",
          "bundled": true,
          "dev": true
        },
        "nice-try": {
          "version": "1.0.5",
          "bundled": true,
          "dev": true
        },
        "once": {
          "version": "1.4.0",
          "bundled": true,
          "dev": true
        },
        "onetime": {
          "version": "2.0.1",
          "bundled": true,
          "dev": true
        },
        "optionator": {
          "version": "0.8.2",
          "bundled": true,
          "dev": true
        },
        "os-tmpdir": {
          "version": "1.0.2",
          "bundled": true,
          "dev": true
        },
        "parent-module": {
          "version": "1.0.0",
          "bundled": true,
          "dev": true
        },
        "path-is-absolute": {
          "version": "1.0.1",
          "bundled": true,
          "dev": true
        },
        "path-is-inside": {
          "version": "1.0.2",
          "bundled": true,
          "dev": true
        },
        "path-key": {
          "version": "2.0.1",
          "bundled": true,
          "dev": true
        },
        "prelude-ls": {
          "version": "1.1.2",
          "bundled": true,
          "dev": true
        },
        "progress": {
          "version": "2.0.3",
          "bundled": true,
          "dev": true
        },
        "punycode": {
          "version": "2.1.1",
          "bundled": true,
          "dev": true
        },
        "regexpp": {
          "version": "2.0.1",
          "bundled": true,
          "dev": true
        },
        "resolve-from": {
          "version": "4.0.0",
          "bundled": true,
          "dev": true
        },
        "restore-cursor": {
          "version": "2.0.0",
          "bundled": true,
          "dev": true
        },
        "rimraf": {
          "version": "2.6.3",
          "bundled": true,
          "dev": true
        },
        "run-async": {
          "version": "2.3.0",
          "bundled": true,
          "dev": true
        },
        "rxjs": {
          "version": "6.4.0",
          "bundled": true,
          "dev": true
        },
        "safer-buffer": {
          "version": "2.1.2",
          "bundled": true,
          "dev": true
        },
        "semver": {
          "version": "5.6.0",
          "bundled": true,
          "dev": true
        },
        "shebang-command": {
          "version": "1.2.0",
          "bundled": true,
          "dev": true
        },
        "shebang-regex": {
          "version": "1.0.0",
          "bundled": true,
          "dev": true
        },
        "signal-exit": {
          "version": "3.0.2",
          "bundled": true,
          "dev": true
        },
        "slice-ansi": {
          "version": "2.1.0",
          "bundled": true,
          "dev": true
        },
        "source-map": {
          "version": "0.5.7",
          "bundled": true,
          "dev": true
        },
        "sprintf-js": {
          "version": "1.0.3",
          "bundled": true,
          "dev": true
        },
        "string-width": {
          "version": "2.1.1",
          "bundled": true,
          "dev": true
        },
        "strip-ansi": {
          "version": "4.0.0",
          "bundled": true,
          "dev": true
        },
        "strip-json-comments": {
          "version": "2.0.1",
          "bundled": true,
          "dev": true
        },
        "supports-color": {
          "version": "5.5.0",
          "bundled": true,
          "dev": true
        },
        "table": {
          "version": "5.2.3",
          "bundled": true,
          "dev": true,
          "requires": {
            "ansi-regex": "*",
            "string-width": "*",
            "strip-ansi": "*"
          },
          "dependencies": {
            "ansi-regex": {
              "version": "4.1.0",
              "bundled": true,
              "dev": true
            },
            "string-width": {
              "version": "3.1.0",
              "bundled": true,
              "dev": true
            },
            "strip-ansi": {
              "version": "5.2.0",
              "bundled": true,
              "dev": true
            }
          }
        },
        "text-table": {
          "version": "0.2.0",
          "bundled": true,
          "dev": true
        },
        "through": {
          "version": "2.3.8",
          "bundled": true,
          "dev": true
        },
        "tmp": {
          "version": "0.0.33",
          "bundled": true,
          "dev": true
        },
        "to-fast-properties": {
          "version": "2.0.0",
          "bundled": true,
          "dev": true
        },
        "trim-right": {
          "version": "1.0.1",
          "bundled": true,
          "dev": true
        },
        "tslib": {
          "version": "1.9.3",
          "bundled": true,
          "dev": true
        },
        "type-check": {
          "version": "0.3.2",
          "bundled": true,
          "dev": true
        },
        "uri-js": {
          "version": "4.2.2",
          "bundled": true,
          "dev": true
        },
        "which": {
          "version": "1.3.1",
          "bundled": true,
          "dev": true
        },
        "wordwrap": {
          "version": "1.0.0",
          "bundled": true,
          "dev": true
        },
        "wrappy": {
          "version": "1.0.2",
          "bundled": true,
          "dev": true
        },
        "write": {
          "version": "1.0.3",
          "bundled": true,
          "dev": true
        }
      }
    },
    "bsock": {
      "version": "0.1.9",
      "resolved": "https://registry.npmjs.org/bsock/-/bsock-0.1.9.tgz",
      "integrity": "sha512-/l9Kg/c5o+n/0AqreMxh2jpzDMl1ikl4gUxT7RFNe3A3YRIyZkiREhwcjmqxiymJSRI/Qhew357xGn1SLw/xEw==",
      "requires": {
        "bsert": "~0.0.10"
      }
    },
    "bsocks": {
      "version": "0.2.5",
      "resolved": "https://registry.npmjs.org/bsocks/-/bsocks-0.2.5.tgz",
      "integrity": "sha512-w1yG8JmfKPIaTDLuR9TIxJM2Ma6nAiInRpLNZ43g3qPnPHjawCC4SV6Bdy84bEJQX1zJWYTgdod/BnQlDhq4Gg==",
      "requires": {
        "binet": "~0.3.5",
        "bsert": "~0.0.10"
      }
    },
    "btcp": {
      "version": "0.1.5",
      "resolved": "https://registry.npmjs.org/btcp/-/btcp-0.1.5.tgz",
      "integrity": "sha512-tkrtMDxeJorn5p0KxaLXELneT8AbfZMpOFeoKYZ5qCCMMSluNuwut7pGccLC5YOJqmuk0DR774vNVQLC9sNq/A=="
    },
    "budp": {
      "version": "0.1.6",
      "resolved": "https://registry.npmjs.org/budp/-/budp-0.1.6.tgz",
      "integrity": "sha512-o+a8NPq3DhV91j4nInjht2md6mbU1XL+7ciPltP66rw5uD3KP1m5r8lA94LZVaPKcFdJ0l2HVVzRNxnY26Pefg=="
    },
    "buffer-map": {
      "version": "0.0.7",
      "resolved": "https://registry.npmjs.org/buffer-map/-/buffer-map-0.0.7.tgz",
      "integrity": "sha512-95try3p/vMRkIAAnJDaGkFhGpT/65NoeW6XelEPjAomWYR58RQtW4khn0SwKj34kZoE7uxL7w2koZSwbnszvQQ=="
    },
    "bufio": {
      "version": "1.0.7",
      "resolved": "https://registry.npmjs.org/bufio/-/bufio-1.0.7.tgz",
      "integrity": "sha512-bd1dDQhiC+bEbEfg56IdBv7faWa6OipMs/AFFFvtFnB3wAYjlwQpQRZ0pm6ZkgtfL0pILRXhKxOiQj6UzoMR7A=="
    },
    "bupnp": {
      "version": "0.2.6",
      "resolved": "https://registry.npmjs.org/bupnp/-/bupnp-0.2.6.tgz",
      "integrity": "sha512-J6ykzJhZMxXKN78K+1NzFi3v/51X2Mvzp2hW42BWwmxIVfau6PaN99gyABZ8x05e8MObWbsAis23gShhj9qpbw==",
      "requires": {
        "binet": "~0.3.5",
        "brq": "~0.1.7",
        "bsert": "~0.0.10"
      }
    },
    "bval": {
      "version": "0.1.6",
      "resolved": "https://registry.npmjs.org/bval/-/bval-0.1.6.tgz",
      "integrity": "sha512-jxNH9gSx7g749hQtS+nTxXYz/bLxwr4We1RHFkCYalNYcj12RfbW6qYWsKu0RYiKAdFcbNoZRHmWrIuXIyhiQQ==",
      "requires": {
        "bsert": "~0.0.10"
      }
    },
    "bweb": {
      "version": "0.1.10",
      "resolved": "https://registry.npmjs.org/bweb/-/bweb-0.1.10.tgz",
      "integrity": "sha512-3Kkz/rfsyAWUS+8DV5XYhwcgVN4DfDewrP+iFTcpQfdZzcF6+OypAq7dHOtXV0sW7U/3msA/sEEqz0MHZ9ERWg==",
      "requires": {
        "bsert": "~0.0.10",
        "bsock": "~0.1.8"
      }
    },
    "goosig": {
      "version": "0.8.0",
      "resolved": "https://registry.npmjs.org/goosig/-/goosig-0.8.0.tgz",
      "integrity": "sha512-1SRHMASHRmhpD8NrVyLiwG1XSDMVPDtDfhapv+532GyOSzv8uqetHyOfYxpJ7qT39RUzsuthfbMOv5Dwufe1Pg==",
      "requires": {
        "bcrypto": "~5.2.0",
        "bsert": "~0.0.10",
        "loady": "~0.0.1"
      }
    },
    "hs-client": {
      "version": "0.0.8",
      "resolved": "https://registry.npmjs.org/hs-client/-/hs-client-0.0.8.tgz",
      "integrity": "sha512-G5QZ1F1SFWRdxmbkqWEIfND8SeY4ZyG5xSebN3wthxBk+0uen2/7QTsfHpRvZWfIIHprt16wCLvel+sPE880eA==",
      "requires": {
        "bcfg": "~0.1.6",
        "bcurl": "~0.1.6",
        "bsert": "~0.0.10"
      }
    },
    "loady": {
      "version": "0.0.1",
      "resolved": "https://registry.npmjs.org/loady/-/loady-0.0.1.tgz",
      "integrity": "sha512-PW5Z13Jd0v6ZcA1P6ZVUc3EV8BJwQuAiwUvvT6VQGHoaZ1d/tu7r1QZctuKfQqwy9SFBWeAGfcIdLxhp7ZW3Rw=="
    },
    "mrmr": {
      "version": "0.1.9",
      "resolved": "https://registry.npmjs.org/mrmr/-/mrmr-0.1.9.tgz",
      "integrity": "sha512-t3nbygZEPN0vkoW+985GAVw/OOQODmAwPwCfaQUCQbTaZG40s7wmFaC8AKu4oL0g7hF4xcstwkvzW6bu4QxRSg==",
      "requires": {
        "bsert": "~0.0.10",
        "loady": "~0.0.1"
      }
    },
    "n64": {
      "version": "0.2.10",
      "resolved": "https://registry.npmjs.org/n64/-/n64-0.2.10.tgz",
      "integrity": "sha512-uH9geV4+roR1tohsrrqSOLCJ9Mh1iFcDI+9vUuydDlDxUS1UCAWUfuGb06p3dj3flzywquJNrGsQ7lHP8+4RVQ=="
    },
    "unbound": {
      "version": "0.4.2",
      "resolved": "https://registry.npmjs.org/unbound/-/unbound-0.4.2.tgz",
      "integrity": "sha512-pA2t1aVLUTvILo9JvC6KAnu9oEp4vUgz9k1Uqy7YMBkYtMJQhJKiPvdd+GZYPS8MtO05AZvAXt1CdxFlPB5jzQ==",
      "optional": true,
      "requires": {
        "loady": "~0.0.1"
      }
    },
    "urkel": {
      "version": "0.6.3",
      "resolved": "https://registry.npmjs.org/urkel/-/urkel-0.6.3.tgz",
      "integrity": "sha512-aY/u3cpCRRwa3XjUGG8DcLcQJSNmQ0+qXDeT0igDytKhrK+yiusZ7mYdPRzmtbQ2CPozHhwsmVxCVBkPBp9jDQ==",
      "requires": {
        "bfile": "~0.2.1",
        "bmutex": "~0.1.6",
        "bsert": "~0.0.10"
      }
    }
  }
}
