{
  "name": "hsd",
  "version": "2.2.0",
  "lockfileVersion": 1,
  "requires": true,
  "dependencies": {
    "bcfg": {
      "version": "0.1.6",
      "resolved": "https://registry.npmjs.org/bcfg/-/bcfg-0.1.6.tgz",
      "integrity": "sha512-BR2vwQZwu24aRm588XHOnPVjjQtbK8sF0RopRFgMuke63/REJMWnePTa2YHKDBefuBYiVdgkowuB1/e4K7Ue3g==",
      "requires": {
        "bsert": "~0.0.10"
      }
    },
    "bcrypto": {
      "version": "5.3.0",
      "resolved": "https://registry.npmjs.org/bcrypto/-/bcrypto-5.3.0.tgz",
      "integrity": "sha512-SP48cpoc4BkEPNOErdsZ1VjbtdXY/C0f5wAywWniLne/Fd/5oOBqLbC6ZavngLvk4oik76g4I7PO5KduJoqECQ==",
      "requires": {
        "bufio": "~1.0.7",
        "loady": "~0.0.5"
      }
    },
    "bcurl": {
      "version": "0.1.9",
      "resolved": "https://registry.npmjs.org/bcurl/-/bcurl-0.1.9.tgz",
      "integrity": "sha512-WV9LKCqFPtmGwIOqHexJx3Mm/9H/G5bwSCZxJXq9WRrnVQmd58L+Ltxgp/2QicveDG6AgTfepP6JtNiYWbbeHQ==",
      "requires": {
        "brq": "~0.1.8",
        "bsert": "~0.0.10",
        "bsock": "~0.1.9"
      }
    },
    "bdb": {
      "version": "1.3.0",
      "resolved": "https://registry.npmjs.org/bdb/-/bdb-1.3.0.tgz",
      "integrity": "sha512-oJnWnHOTcnJhazwpEzQvPFtSR1IdHtS3PczuLY3klgZTTtRUbARX7tdphQS8iNUUwEVMfuO93eHDWwTICoeJlg==",
      "requires": {
        "bsert": "~0.0.10",
        "loady": "~0.0.5"
      }
    },
    "bdns": {
      "version": "0.1.5",
      "resolved": "https://registry.npmjs.org/bdns/-/bdns-0.1.5.tgz",
      "integrity": "sha512-LNVkfM7ynlAD0CvPvO9cKxW8YXt1KOCRQZlRsGZWeMyymUWVdHQpZudAzH9chaFAz6HiwAnQxwDemCKDPy6Mag==",
      "requires": {
        "bsert": "~0.0.10"
      }
    },
    "bevent": {
      "version": "0.1.5",
      "resolved": "https://registry.npmjs.org/bevent/-/bevent-0.1.5.tgz",
      "integrity": "sha512-hs6T3BjndibrAmPSoKTHmKa3tz/c6Qgjv9iZw+tAoxuP6izfTCkzfltBQrW7SuK5xnY22gv9jCEf51+mRH+Qvg==",
      "requires": {
        "bsert": "~0.0.10"
      }
    },
    "bfile": {
      "version": "0.2.2",
      "resolved": "https://registry.npmjs.org/bfile/-/bfile-0.2.2.tgz",
      "integrity": "sha512-X205SsJ7zFAnjeJ/pBLqDqF10x/4Su3pBy8UdVKw4hdGJk7t5pLoRi+uG4rPaDAClGbrEfT/06PGUbYiMYKzTg=="
    },
    "bfilter": {
      "version": "1.0.5",
      "resolved": "https://registry.npmjs.org/bfilter/-/bfilter-1.0.5.tgz",
      "integrity": "sha512-GupIidtCvLbKhXnA1sxvrwa+gh95qbjafy7P1U1x/2DHxNabXq4nGW0x3rmgzlJMYlVl+c8fMxoMRIwpKYlgcQ==",
      "requires": {
        "bsert": "~0.0.10",
        "bufio": "~1.0.6",
        "mrmr": "~0.1.6"
      }
    },
    "bheep": {
      "version": "0.1.5",
      "resolved": "https://registry.npmjs.org/bheep/-/bheep-0.1.5.tgz",
      "integrity": "sha512-0KR5Zi8hgJBKL35+aYzndCTtgSGakOMxrYw2uszd5UmXTIfx3+drPGoETlVbQ6arTdAzSoQYA1j35vbaWpQXBg==",
      "requires": {
        "bsert": "~0.0.10"
      }
    },
    "binet": {
      "version": "0.3.6",
      "resolved": "https://registry.npmjs.org/binet/-/binet-0.3.6.tgz",
      "integrity": "sha512-6pm+Gc3uNiiJZEv0k8JDWqQlo9ki/o9UNAkLmr0EGm7hI5MboOJVIOlO1nw3YuDkLHWN78OPsaC4JhRkn2jMLw==",
      "requires": {
        "bs32": "~0.1.5",
        "bsert": "~0.0.10"
      }
    },
    "blgr": {
      "version": "0.1.8",
      "resolved": "https://registry.npmjs.org/blgr/-/blgr-0.1.8.tgz",
      "integrity": "sha512-9AvDK+lc92q//63S8cHtkaB060YOZqoqd0DkMwn35mR1SrcY0FXnCHePHZFx6Oe1d/6wj8Lw7mKEGoShCUf3Yw==",
      "requires": {
        "bsert": "~0.0.10"
      }
    },
    "blru": {
      "version": "0.1.6",
      "resolved": "https://registry.npmjs.org/blru/-/blru-0.1.6.tgz",
      "integrity": "sha512-34+xZ2u4ys/aUzWCU9m6Eee4nVuN1ywdxbi8b3Z2WULU6qvnfeHvCWEdGzlVfRbbhimG2xxJX6R77GD2cuVO6w==",
      "requires": {
        "bsert": "~0.0.10"
      }
    },
    "blst": {
      "version": "0.1.5",
      "resolved": "https://registry.npmjs.org/blst/-/blst-0.1.5.tgz",
      "integrity": "sha512-TPl04Cx3CHdPFAJ2x9Xx1Z1FOfpAzmNPfHkfo+pGAaNH4uLhS58ExvamVkZh3jadF+B7V5sMtqvrqdf9mHINYA==",
      "requires": {
        "bsert": "~0.0.10"
      }
    },
    "bmocha": {
      "version": "2.1.5",
      "resolved": "https://registry.npmjs.org/bmocha/-/bmocha-2.1.5.tgz",
      "integrity": "sha512-hEO+jQC+6CMxdxSqKPjqAdIDvRWHfdGgsMh4fUmatkMewbYr2O6qMIbW7Lhcmkcnz8bwRHZuEdDaBt/16NofoA==",
      "dev": true
    },
    "bmutex": {
      "version": "0.1.6",
      "resolved": "https://registry.npmjs.org/bmutex/-/bmutex-0.1.6.tgz",
      "integrity": "sha512-nXWOXtQHbfPaMl6jyEF/rmRMrcemj2qn+OCAI/uZYurjfx7Dg3baoXdPzHOL0U8Cfvn8CWxKcnM/rgxL7DR4zw==",
      "requires": {
        "bsert": "~0.0.10"
      }
    },
    "bns": {
      "version": "0.13.0",
      "resolved": "https://registry.npmjs.org/bns/-/bns-0.13.0.tgz",
      "integrity": "sha512-2aRg/m7+fvXsf+CpR30f0iXTgAFdf2UdhreZNhxbgMpVTo83rnlGhb6QuMznGIiqDxj6akDnONVg50M8wADoIw==",
      "requires": {
        "bcrypto": "~5.3.0",
        "bfile": "~0.2.2",
        "bheep": "~0.1.5",
        "binet": "~0.3.6",
        "bs32": "~0.1.6",
        "bsert": "~0.0.10",
        "btcp": "~0.1.5",
        "budp": "~0.1.6",
        "bufio": "~1.0.7",
        "unbound": "~0.4.2"
      }
    },
    "brq": {
      "version": "0.1.8",
      "resolved": "https://registry.npmjs.org/brq/-/brq-0.1.8.tgz",
      "integrity": "sha512-6SDY1lJMKXgt5TZ6voJQMH2zV1XPWWtm203PSkx3DSg9AYNYuRfOPFSBDkNemabzgpzFW9/neR4YhTvyJml8rQ==",
      "requires": {
        "bsert": "~0.0.10"
      }
    },
    "bs32": {
      "version": "0.1.6",
      "resolved": "https://registry.npmjs.org/bs32/-/bs32-0.1.6.tgz",
      "integrity": "sha512-usjDesQqZ8ihHXOnOEQuAdymBHnJEfSd+aELFSg1jN/V3iAf12HrylHlRJwIt6DTMmXpBDQ+YBg3Q3DIYdhRgQ==",
      "requires": {
        "bsert": "~0.0.10"
      }
    },
    "bsert": {
      "version": "0.0.10",
      "resolved": "https://registry.npmjs.org/bsert/-/bsert-0.0.10.tgz",
      "integrity": "sha512-NHNwlac+WPy4t2LoNh8pXk8uaIGH3NSaIUbTTRXGpE2WEbq0te/tDykYHkFK57YKLPjv/aGHmbqvnGeVWDz57Q=="
    },
    "bsock": {
      "version": "0.1.9",
      "resolved": "https://registry.npmjs.org/bsock/-/bsock-0.1.9.tgz",
      "integrity": "sha512-/l9Kg/c5o+n/0AqreMxh2jpzDMl1ikl4gUxT7RFNe3A3YRIyZkiREhwcjmqxiymJSRI/Qhew357xGn1SLw/xEw==",
      "requires": {
        "bsert": "~0.0.10"
      }
    },
    "bsocks": {
      "version": "0.2.5",
      "resolved": "https://registry.npmjs.org/bsocks/-/bsocks-0.2.5.tgz",
      "integrity": "sha512-w1yG8JmfKPIaTDLuR9TIxJM2Ma6nAiInRpLNZ43g3qPnPHjawCC4SV6Bdy84bEJQX1zJWYTgdod/BnQlDhq4Gg==",
      "requires": {
        "binet": "~0.3.5",
        "bsert": "~0.0.10"
      }
    },
    "btcp": {
      "version": "0.1.5",
      "resolved": "https://registry.npmjs.org/btcp/-/btcp-0.1.5.tgz",
      "integrity": "sha512-tkrtMDxeJorn5p0KxaLXELneT8AbfZMpOFeoKYZ5qCCMMSluNuwut7pGccLC5YOJqmuk0DR774vNVQLC9sNq/A=="
    },
    "budp": {
      "version": "0.1.6",
      "resolved": "https://registry.npmjs.org/budp/-/budp-0.1.6.tgz",
      "integrity": "sha512-o+a8NPq3DhV91j4nInjht2md6mbU1XL+7ciPltP66rw5uD3KP1m5r8lA94LZVaPKcFdJ0l2HVVzRNxnY26Pefg=="
    },
    "buffer-map": {
      "version": "0.0.7",
      "resolved": "https://registry.npmjs.org/buffer-map/-/buffer-map-0.0.7.tgz",
      "integrity": "sha512-95try3p/vMRkIAAnJDaGkFhGpT/65NoeW6XelEPjAomWYR58RQtW4khn0SwKj34kZoE7uxL7w2koZSwbnszvQQ=="
    },
    "bufio": {
      "version": "1.0.7",
      "resolved": "https://registry.npmjs.org/bufio/-/bufio-1.0.7.tgz",
      "integrity": "sha512-bd1dDQhiC+bEbEfg56IdBv7faWa6OipMs/AFFFvtFnB3wAYjlwQpQRZ0pm6ZkgtfL0pILRXhKxOiQj6UzoMR7A=="
    },
    "bupnp": {
      "version": "0.2.6",
      "resolved": "https://registry.npmjs.org/bupnp/-/bupnp-0.2.6.tgz",
      "integrity": "sha512-J6ykzJhZMxXKN78K+1NzFi3v/51X2Mvzp2hW42BWwmxIVfau6PaN99gyABZ8x05e8MObWbsAis23gShhj9qpbw==",
      "requires": {
        "binet": "~0.3.5",
        "brq": "~0.1.7",
        "bsert": "~0.0.10"
      }
    },
    "bval": {
      "version": "0.1.6",
      "resolved": "https://registry.npmjs.org/bval/-/bval-0.1.6.tgz",
      "integrity": "sha512-jxNH9gSx7g749hQtS+nTxXYz/bLxwr4We1RHFkCYalNYcj12RfbW6qYWsKu0RYiKAdFcbNoZRHmWrIuXIyhiQQ==",
      "requires": {
        "bsert": "~0.0.10"
      }
    },
    "bweb": {
      "version": "0.1.10",
      "resolved": "https://registry.npmjs.org/bweb/-/bweb-0.1.10.tgz",
      "integrity": "sha512-3Kkz/rfsyAWUS+8DV5XYhwcgVN4DfDewrP+iFTcpQfdZzcF6+OypAq7dHOtXV0sW7U/3msA/sEEqz0MHZ9ERWg==",
      "requires": {
        "bsert": "~0.0.10",
        "bsock": "~0.1.8"
      }
    },
    "goosig": {
      "version": "0.9.0",
      "resolved": "https://registry.npmjs.org/goosig/-/goosig-0.9.0.tgz",
      "integrity": "sha512-RaCpYN0eStJQszrudhwf42hd8j/Nod6iRiUU81cnHjI0f3s4vhmVkvpPE7QktF/EUA9tkoG2hrYYr9NJXvgefg==",
      "requires": {
        "bcrypto": "~5.3.0",
        "bsert": "~0.0.10",
        "loady": "~0.0.5"
      }
    },
    "hs-client": {
      "version": "0.0.9",
      "resolved": "https://registry.npmjs.org/hs-client/-/hs-client-0.0.9.tgz",
      "integrity": "sha512-TAsexmpPhSVdCQ1iiX4bBnuqlThTSdGz/YKq+vjLSS1TZ2TwKxERJ8vZh1Wd6GGaMGLZl99uQR+2wUyk4HLSbg==",
      "requires": {
        "bcfg": "~0.1.6",
        "bcurl": "~0.1.9",
        "bsert": "~0.0.10"
      }
    },
    "loady": {
      "version": "0.0.5",
      "resolved": "https://registry.npmjs.org/loady/-/loady-0.0.5.tgz",
      "integrity": "sha512-uxKD2HIj042/HBx77NBcmEPsD+hxCgAtjEWlYNScuUjIsh/62Uyu39GOR68TBR68v+jqDL9zfftCWoUo4y03sQ=="
    },
    "mrmr": {
      "version": "0.1.10",
      "resolved": "https://registry.npmjs.org/mrmr/-/mrmr-0.1.10.tgz",
      "integrity": "sha512-NJRJs+yJyRWwcTqLRf7O32n56UP1+UQoTrGVEoB3LMj0h2jlon790drDbxKvi5mK5k4HfC0cpNkxqHcrJK/evg==",
      "requires": {
        "bsert": "~0.0.10",
        "loady": "~0.0.5"
      }
    },
    "n64": {
      "version": "0.2.10",
      "resolved": "https://registry.npmjs.org/n64/-/n64-0.2.10.tgz",
      "integrity": "sha512-uH9geV4+roR1tohsrrqSOLCJ9Mh1iFcDI+9vUuydDlDxUS1UCAWUfuGb06p3dj3flzywquJNrGsQ7lHP8+4RVQ=="
    },
    "unbound": {
      "version": "0.4.3",
      "resolved": "https://registry.npmjs.org/unbound/-/unbound-0.4.3.tgz",
      "integrity": "sha512-2ISqZLXtzp1l9f1V8Yr6S+zuhXxEwE1CjKHjXULFDHJcfhc9Gm3mn19hdPp4rlNGEdCivKYGKjYe3WRGnafYdA==",
      "optional": true,
      "requires": {
        "loady": "~0.0.5"
      }
    },
    "urkel": {
      "version": "0.6.3",
      "resolved": "https://registry.npmjs.org/urkel/-/urkel-0.6.3.tgz",
      "integrity": "sha512-aY/u3cpCRRwa3XjUGG8DcLcQJSNmQ0+qXDeT0igDytKhrK+yiusZ7mYdPRzmtbQ2CPozHhwsmVxCVBkPBp9jDQ==",
      "requires": {
        "bfile": "~0.2.1",
        "bmutex": "~0.1.6",
        "bsert": "~0.0.10"
      }
    }
  }
}
