{
  "name": "namebase-hsd",
  "version": "0.0.10",
  "lockfileVersion": 1,
  "requires": true,
  "dependencies": {
    "bcfg": {
      "version": "0.1.6",
      "resolved": "https://registry.npmjs.org/bcfg/-/bcfg-0.1.6.tgz",
      "integrity": "sha512-BR2vwQZwu24aRm588XHOnPVjjQtbK8sF0RopRFgMuke63/REJMWnePTa2YHKDBefuBYiVdgkowuB1/e4K7Ue3g==",
      "requires": {
        "bsert": "~0.0.10"
      }
    },
    "bcrypto": {
      "version": "3.1.0",
      "resolved": "https://registry.npmjs.org/bcrypto/-/bcrypto-3.1.0.tgz",
      "integrity": "sha512-0ZLVyKwBi6UEfRKmIT6V4mhzQ5BhjKWb91GkIhTeaKa4R62Sf87wI/KB9q34IpjSaiH2y9wJO9fDkchvsMTT6A==",
      "requires": {
        "bsert": "~0.0.10",
        "bufio": "~1.0.6",
        "loady": "~0.0.1",
        "nan": "^2.13.1"
      }
    },
    "bcurl": {
      "version": "0.1.6",
      "resolved": "https://registry.npmjs.org/bcurl/-/bcurl-0.1.6.tgz",
      "integrity": "sha512-noeDhfqFiUcNOUuZKErkXcbZfxBjn6duTfYPEfA4hAYXGr7gwVxkAWvIerxl3ZLLyn8jzh7Oi0nHlrLm1ST9Fw==",
      "requires": {
        "brq": "~0.1.7",
        "bsert": "~0.0.10",
        "bsock": "~0.1.8"
      }
    },
    "bdb": {
      "version": "1.1.7",
      "resolved": "https://registry.npmjs.org/bdb/-/bdb-1.1.7.tgz",
      "integrity": "sha512-jtBnWEyDDK08dBbKL9LJeO2huZyBmbjBQMMVjU9RI1liJo6YDbv86uDHoaD4gniefd9pfxqOM1w6rYuwLVCXlQ==",
      "requires": {
        "bsert": "~0.0.10",
        "loady": "~0.0.1"
      }
    },
    "bdns": {
      "version": "0.1.5",
      "resolved": "https://registry.npmjs.org/bdns/-/bdns-0.1.5.tgz",
      "integrity": "sha512-LNVkfM7ynlAD0CvPvO9cKxW8YXt1KOCRQZlRsGZWeMyymUWVdHQpZudAzH9chaFAz6HiwAnQxwDemCKDPy6Mag==",
      "requires": {
        "bsert": "~0.0.10"
      }
    },
    "bevent": {
      "version": "0.1.5",
      "resolved": "https://registry.npmjs.org/bevent/-/bevent-0.1.5.tgz",
      "integrity": "sha512-hs6T3BjndibrAmPSoKTHmKa3tz/c6Qgjv9iZw+tAoxuP6izfTCkzfltBQrW7SuK5xnY22gv9jCEf51+mRH+Qvg==",
      "requires": {
        "bsert": "~0.0.10"
      }
    },
    "bfile": {
      "version": "0.2.1",
      "resolved": "https://registry.npmjs.org/bfile/-/bfile-0.2.1.tgz",
      "integrity": "sha512-du2QjKNkqZ1YJweWEQeq3CEqd+nQD/WOnmAMfs52ok5ujBBagWYLZC5ORDuqfV2fuF88of44PZdsnAVfxoH31g=="
    },
    "bfilter": {
      "version": "1.0.5",
      "resolved": "https://registry.npmjs.org/bfilter/-/bfilter-1.0.5.tgz",
      "integrity": "sha512-GupIidtCvLbKhXnA1sxvrwa+gh95qbjafy7P1U1x/2DHxNabXq4nGW0x3rmgzlJMYlVl+c8fMxoMRIwpKYlgcQ==",
      "requires": {
        "bsert": "~0.0.10",
        "bufio": "~1.0.6",
        "mrmr": "~0.1.6"
      }
    },
    "bheep": {
      "version": "0.1.5",
      "resolved": "https://registry.npmjs.org/bheep/-/bheep-0.1.5.tgz",
      "integrity": "sha512-0KR5Zi8hgJBKL35+aYzndCTtgSGakOMxrYw2uszd5UmXTIfx3+drPGoETlVbQ6arTdAzSoQYA1j35vbaWpQXBg==",
      "requires": {
        "bsert": "~0.0.10"
      }
    },
    "binet": {
      "version": "0.3.5",
      "resolved": "https://registry.npmjs.org/binet/-/binet-0.3.5.tgz",
      "integrity": "sha512-suogkqXrt63Z76ABvwJjI28w+LWrRE53nwItDPz1VwNjHEuh1+rxudGYtoewFmMhkJ9pW/VGGnjoxP+AGzHgLQ==",
      "requires": {
        "bs32": "~0.1.5",
        "bsert": "~0.0.10"
      }
    },
    "blgr": {
      "version": "0.1.7",
      "resolved": "https://registry.npmjs.org/blgr/-/blgr-0.1.7.tgz",
      "integrity": "sha512-+jSaU2jnYqF+ec9e8nzjfjU7QhZIntkDNG8/AEwoxW7J3mmwvmUfAI5lm9BFYs1OzT+1UgIZTFHa2qWjTBURfw==",
      "requires": {
        "bsert": "~0.0.10"
      }
    },
    "blru": {
      "version": "0.1.6",
      "resolved": "https://registry.npmjs.org/blru/-/blru-0.1.6.tgz",
      "integrity": "sha512-34+xZ2u4ys/aUzWCU9m6Eee4nVuN1ywdxbi8b3Z2WULU6qvnfeHvCWEdGzlVfRbbhimG2xxJX6R77GD2cuVO6w==",
      "requires": {
        "bsert": "~0.0.10"
      }
    },
    "blst": {
      "version": "0.1.5",
      "resolved": "https://registry.npmjs.org/blst/-/blst-0.1.5.tgz",
      "integrity": "sha512-TPl04Cx3CHdPFAJ2x9Xx1Z1FOfpAzmNPfHkfo+pGAaNH4uLhS58ExvamVkZh3jadF+B7V5sMtqvrqdf9mHINYA==",
      "requires": {
        "bsert": "~0.0.10"
      }
    },
    "bmocha": {
      "version": "2.1.0",
      "resolved": "https://registry.npmjs.org/bmocha/-/bmocha-2.1.0.tgz",
      "integrity": "sha512-XZTffEZyPsbyTIT/yjYxU4HShHDM+z4qxzmeOLEQkG+br87cJdoQeAfAc9KpyacJagxS4leSvdvFfgWJaeD0pA==",
      "dev": true
    },
    "bmutex": {
      "version": "0.1.6",
      "resolved": "https://registry.npmjs.org/bmutex/-/bmutex-0.1.6.tgz",
      "integrity": "sha512-nXWOXtQHbfPaMl6jyEF/rmRMrcemj2qn+OCAI/uZYurjfx7Dg3baoXdPzHOL0U8Cfvn8CWxKcnM/rgxL7DR4zw==",
      "requires": {
        "bsert": "~0.0.10"
      }
    },
    "bns": {
      "version": "0.7.0",
      "resolved": "https://registry.npmjs.org/bns/-/bns-0.7.0.tgz",
      "integrity": "sha512-ZDwttQYRCPH/1CCBSr2PeV8Xbq5od1afGM/ZhcJhYkL4MLmh7BTTfRSJxIm/JD9Zzr8natih+qs/TEFQt37AxQ==",
      "requires": {
        "bcrypto": "~3.1.0",
        "bfile": "~0.2.1",
        "bheep": "~0.1.5",
        "binet": "~0.3.5",
        "bs32": "~0.1.5",
        "bsert": "~0.0.10",
        "btcp": "~0.1.5",
        "budp": "~0.1.6",
        "bufio": "~1.0.6",
        "unbound": "~0.3.4"
      }
    },
    "brq": {
      "version": "0.1.7",
      "resolved": "https://registry.npmjs.org/brq/-/brq-0.1.7.tgz",
      "integrity": "sha512-mFoSpFJx7pI8IfuNojIul7Bto4Wcp1a7SOj8MTV4Qsd6Jg3leHJFzSlTcnKfG8BIOg46nvEFDXdLmM0v0YwEPQ==",
      "requires": {
        "bsert": "~0.0.10"
      }
    },
    "bs32": {
      "version": "0.1.5",
      "resolved": "https://registry.npmjs.org/bs32/-/bs32-0.1.5.tgz",
      "integrity": "sha512-YR9OXFjx8qmW/TpuJKc1RSdzRogpCYh1ygCSMi5Z3fG2QkP+Ra1IfcHsICqd/I/tmFAtc7ov8BpEyN8HJD7jlw==",
      "requires": {
        "bsert": "~0.0.10"
      }
    },
    "bsert": {
      "version": "0.0.10",
      "resolved": "https://registry.npmjs.org/bsert/-/bsert-0.0.10.tgz",
      "integrity": "sha512-NHNwlac+WPy4t2LoNh8pXk8uaIGH3NSaIUbTTRXGpE2WEbq0te/tDykYHkFK57YKLPjv/aGHmbqvnGeVWDz57Q=="
    },
    "bsip": {
      "version": "0.1.8",
      "resolved": "https://registry.npmjs.org/bsip/-/bsip-0.1.8.tgz",
      "integrity": "sha512-R6rRgLOWjSITqp1C9yzPuPfzKgXANP+5Ip6OoLCIhmaybaVywHhINNfO0L2zFKJgS+vfLHGFltip14bKvTNVGA==",
      "requires": {
        "bsert": "~0.0.10",
        "loady": "~0.0.1",
        "nan": "^2.13.1"
      }
    },
    "bsock": {
      "version": "0.1.8",
      "resolved": "https://registry.npmjs.org/bsock/-/bsock-0.1.8.tgz",
      "integrity": "sha512-+rdqLWVnbYFhUTvgDuzO3KlGYXWOVS2RhRgHrRx26wSiNgmyYJSX4hK+PwtI1hEc9cyIb28Qt/hgPgSrqPlDNw==",
      "requires": {
        "bsert": "~0.0.10"
      }
    },
    "bsocks": {
      "version": "0.2.5",
      "resolved": "https://registry.npmjs.org/bsocks/-/bsocks-0.2.5.tgz",
      "integrity": "sha512-w1yG8JmfKPIaTDLuR9TIxJM2Ma6nAiInRpLNZ43g3qPnPHjawCC4SV6Bdy84bEJQX1zJWYTgdod/BnQlDhq4Gg==",
      "requires": {
        "binet": "~0.3.5",
        "bsert": "~0.0.10"
      }
    },
    "bstring": {
      "version": "0.3.8",
      "resolved": "https://registry.npmjs.org/bstring/-/bstring-0.3.8.tgz",
      "integrity": "sha512-OUM7JZMEbam+LA1ZwvkcuHoc+7MzL0uVFH3M3Fyd5Xx8E34eve1WPwWGMLrpZGZ30cpoGnZps0p1zbIY5fSJaw==",
      "requires": {
        "bsert": "~0.0.10",
        "loady": "~0.0.1",
        "nan": "^2.13.1"
      }
    },
    "btcp": {
      "version": "0.1.5",
      "resolved": "https://registry.npmjs.org/btcp/-/btcp-0.1.5.tgz",
      "integrity": "sha512-tkrtMDxeJorn5p0KxaLXELneT8AbfZMpOFeoKYZ5qCCMMSluNuwut7pGccLC5YOJqmuk0DR774vNVQLC9sNq/A=="
    },
    "budp": {
      "version": "0.1.6",
      "resolved": "https://registry.npmjs.org/budp/-/budp-0.1.6.tgz",
      "integrity": "sha512-o+a8NPq3DhV91j4nInjht2md6mbU1XL+7ciPltP66rw5uD3KP1m5r8lA94LZVaPKcFdJ0l2HVVzRNxnY26Pefg=="
    },
    "buffer-map": {
      "version": "0.0.7",
      "resolved": "https://registry.npmjs.org/buffer-map/-/buffer-map-0.0.7.tgz",
      "integrity": "sha512-95try3p/vMRkIAAnJDaGkFhGpT/65NoeW6XelEPjAomWYR58RQtW4khn0SwKj34kZoE7uxL7w2koZSwbnszvQQ=="
    },
    "bufio": {
      "version": "1.0.6",
      "resolved": "https://registry.npmjs.org/bufio/-/bufio-1.0.6.tgz",
      "integrity": "sha512-mjYZFRHmI9bk3Oeexu0rWjHFY+w6hGLabdmwSFzq+EFr4MHHsNOYduDVdYl71NG5pTPL7GGzUCMk9cYuV34/Qw=="
    },
    "bupnp": {
      "version": "0.2.6",
      "resolved": "https://registry.npmjs.org/bupnp/-/bupnp-0.2.6.tgz",
      "integrity": "sha512-J6ykzJhZMxXKN78K+1NzFi3v/51X2Mvzp2hW42BWwmxIVfau6PaN99gyABZ8x05e8MObWbsAis23gShhj9qpbw==",
      "requires": {
        "binet": "~0.3.5",
        "brq": "~0.1.7",
        "bsert": "~0.0.10"
      },
      "dependencies": {
        "brq": {
          "version": "0.1.7",
          "resolved": "https://registry.npmjs.org/brq/-/brq-0.1.7.tgz",
          "integrity": "sha512-mFoSpFJx7pI8IfuNojIul7Bto4Wcp1a7SOj8MTV4Qsd6Jg3leHJFzSlTcnKfG8BIOg46nvEFDXdLmM0v0YwEPQ==",
          "requires": {
            "bsert": "~0.0.10"
          }
        }
      }
    },
    "bval": {
      "version": "0.1.6",
      "resolved": "https://registry.npmjs.org/bval/-/bval-0.1.6.tgz",
      "integrity": "sha512-jxNH9gSx7g749hQtS+nTxXYz/bLxwr4We1RHFkCYalNYcj12RfbW6qYWsKu0RYiKAdFcbNoZRHmWrIuXIyhiQQ==",
      "requires": {
        "bsert": "~0.0.10"
      }
    },
    "bweb": {
      "version": "0.1.8",
      "resolved": "https://registry.npmjs.org/bweb/-/bweb-0.1.8.tgz",
      "integrity": "sha512-xGMDbVf3JnLka7VTWOiy5GMersZcAuUMtd97zs7OUA/rrt2Z8bWVAwzCVPFxVzYMreYu7M+W3NZCJSpUdd7umA==",
      "requires": {
        "bsert": "~0.0.10",
        "bsock": "~0.1.8"
      }
    },
    "goosig": {
      "version": "0.1.0",
      "resolved": "https://registry.npmjs.org/goosig/-/goosig-0.1.0.tgz",
      "integrity": "sha512-GsWbE8meGIbdOtetMeyALWhw1fF+fxSR40iLziZVI19GqSl8mYNBmZOdMIYsjx+oPfcENCPtoB72vwpKA205Gg==",
      "requires": {
        "bcrypto": "~3.1.0",
        "bsert": "~0.0.10",
        "loady": "~0.0.1",
        "nan": "^2.13.1"
      }
    },
    "loady": {
      "version": "0.0.1",
      "resolved": "https://registry.npmjs.org/loady/-/loady-0.0.1.tgz",
      "integrity": "sha512-PW5Z13Jd0v6ZcA1P6ZVUc3EV8BJwQuAiwUvvT6VQGHoaZ1d/tu7r1QZctuKfQqwy9SFBWeAGfcIdLxhp7ZW3Rw=="
    },
    "mrmr": {
      "version": "0.1.8",
      "resolved": "https://registry.npmjs.org/mrmr/-/mrmr-0.1.8.tgz",
      "integrity": "sha512-lNav10EJsPZvlMqlBOYQ5atIO9jrlvbJ4/7asqunXY89dHooN5c+W6AV7jtvBRw4wFDR7TpEWfmBQgRGRVwBzA==",
      "requires": {
        "bsert": "~0.0.10",
        "loady": "~0.0.1",
        "nan": "^2.13.1"
      }
    },
    "n64": {
      "version": "0.2.9",
      "resolved": "https://registry.npmjs.org/n64/-/n64-0.2.9.tgz",
      "integrity": "sha512-Fr71HDRSClfgPloQupVBHTx5k8PXyw4yLBj3Q7/C4qhS4r5hWrjScuZg1qCDWqzHf0vxSq8lXbinb6T0oPLdHA=="
    },
    "namebase-hs-client": {
      "version": "0.0.2",
      "resolved": "https://registry.npmjs.org/namebase-hs-client/-/namebase-hs-client-0.0.2.tgz",
      "integrity": "sha512-2ly2KZwwNS5mEUCC9gM8URQHUaBzGfNA7AEqHJch62vtkj8XUCmqxViGxEI74DC9X/eR2W2Gi+opPeoDulOuMw==",
      "requires": {
        "bcfg": "~0.1.6",
        "bcurl": "~0.1.6",
        "bsert": "~0.0.10"
      }
    },
    "nan": {
      "version": "2.13.2",
      "resolved": "https://registry.npmjs.org/nan/-/nan-2.13.2.tgz",
      "integrity": "sha512-TghvYc72wlMGMVMluVo9WRJc0mB8KxxF/gZ4YYFy7V2ZQX9l7rgbPg7vjS9mt6U5HXODVFVI2bOduCzwOMv/lw=="
    },
    "unbound": {
      "version": "0.3.4",
      "resolved": "https://registry.npmjs.org/unbound/-/unbound-0.3.4.tgz",
      "integrity": "sha512-jAI0xItAEXCGD3zFJdCj/eLZo1lAMuDSsWKincMUeKdDXO5HI4nxk0U+PBz0QFyGhTmj+O18Zpc0IUWzKKEUZA==",
      "optional": true,
      "requires": {
        "loady": "~0.0.1",
        "nan": "^2.13.1"
      }
    },
    "urkel": {
      "version": "0.6.3",
      "resolved": "https://registry.npmjs.org/urkel/-/urkel-0.6.3.tgz",
      "integrity": "sha512-aY/u3cpCRRwa3XjUGG8DcLcQJSNmQ0+qXDeT0igDytKhrK+yiusZ7mYdPRzmtbQ2CPozHhwsmVxCVBkPBp9jDQ==",
      "requires": {
        "bfile": "~0.2.1",
        "bmutex": "~0.1.6",
        "bsert": "~0.0.10"
      }
    }
  }
}
